
Microsoft Visual Studio Solution File, Format Version 12.00
# Visual Studio 15
Project("{FAE04EC0-301F-11D3-BF4B-00C04F79EFBC}") = "Assembly-CSharp", "Assembly-CSharp.csproj", "{92CB3A23-DFEC-1CB6-A57A-35F64915AE0D}"
EndProject
Project("{FAE04EC0-301F-11D3-BF4B-00C04F79EFBC}") = "GoogleMobileAds.Editor", "GoogleMobileAds.Editor.csproj", "{72570F4B-3BDA-9E5A-D1C6-019F723EB205}"
EndProject
Project("{FAE04EC0-301F-11D3-BF4B-00C04F79EFBC}") = "Assembly-CSharp-Editor", "Assembly-CSharp-Editor.csproj", "{86C31CDE-71FB-54E8-5508-D29B18F32947}"
EndProject
Global
	GlobalSection(SolutionConfigurationPlatforms) = preSolution
		Debug|Any CPU = Debug|Any CPU
		Release|Any CPU = Release|Any CPU
	EndGlobalSection
	GlobalSection(ProjectConfigurationPlatforms) = postSolution
		{92CB3A23-DFEC-1CB6-A57A-35F64915AE0D}.Debug|Any CPU.ActiveCfg = Debug|Any CPU
		{92CB3A23-DFEC-1CB6-A57A-35F64915AE0D}.Debug|Any CPU.Build.0 = Debug|Any CPU
		{92CB3A23-DFEC-1CB6-A57A-35F64915AE0D}.Release|Any CPU.ActiveCfg = Release|Any CPU
		{92CB3A23-DFEC-1CB6-A57A-35F64915AE0D}.Release|Any CPU.Build.0 = Release|Any CPU
		{72570F4B-3BDA-9E5A-D1C6-019F723EB205}.Debug|Any CPU.ActiveCfg = Debug|Any CPU
		{72570F4B-3BDA-9E5A-D1C6-019F723EB205}.Debug|Any CPU.Build.0 = Debug|Any CPU
		{72570F4B-3BDA-9E5A-D1C6-019F723EB205}.Release|Any CPU.ActiveCfg = Release|Any CPU
		{72570F4B-3BDA-9E5A-D1C6-019F723EB205}.Release|Any CPU.Build.0 = Release|Any CPU
		{86C31CDE-71FB-54E8-5508-D29B18F32947}.Debug|Any CPU.ActiveCfg = Debug|Any CPU
		{86C31CDE-71FB-54E8-5508-D29B18F32947}.Debug|Any CPU.Build.0 = Debug|Any CPU
		{86C31CDE-71FB-54E8-5508-D29B18F32947}.Release|Any CPU.ActiveCfg = Release|Any CPU
		{86C31CDE-71FB-54E8-5508-D29B18F32947}.Release|Any CPU.Build.0 = Release|Any CPU
	EndGlobalSection
	GlobalSection(SolutionProperties) = preSolution
		HideSolutionNode = FALSE
	EndGlobalSection
EndGlobal
